
Microsoft Visual Studio Solution File, Format Version 12.00
# Visual Studio Version 16
VisualStudioVersion = 16.0.31729.503
MinimumVisualStudioVersion = 10.0.40219.1
Project("{FAE04EC0-301F-11D3-BF4B-00C04F79EFBC}") = "Mc2.CrudTest.Domain", "Mc2.CrudTest.Domain\Mc2.CrudTest.Domain.csproj", "{05362A12-FD63-4021-875D-7DC6EF99097D}"
EndProject
Project("{FAE04EC0-301F-11D3-BF4B-00C04F79EFBC}") = "Mc2.CrudTest.Application", "Mc2.CrudTest.Application\Mc2.CrudTest.Application.csproj", "{C4A26E93-F844-4D40-BC6D-96EEAC9BA1AD}"
EndProject
Project("{FAE04EC0-301F-11D3-BF4B-00C04F79EFBC}") = "Mc2.CrudTest.Infrastructure", "Mc2.CrudTest.Infrastructure\Mc2.CrudTest.Infrastructure.csproj", "{A727BD08-4F19-4205-86C0-8ED8948CCBD0}"
EndProject
Project("{2150E333-8FDC-42A3-9474-1A3956D46DE8}") = "Test", "Test", "{8426FAE8-F46D-4B95-A2A7-E478EECFC9BA}"
EndProject
Project("{2150E333-8FDC-42A3-9474-1A3956D46DE8}") = "Front", "Front", "{630E2FF8-7676-4D3B-9001-7A133E02F2F6}"
EndProject
Project("{2150E333-8FDC-42A3-9474-1A3956D46DE8}") = "src", "src", "{A03E792D-074C-4AF9-ACBE-421663774EAF}"
EndProject
Project("{FAE04EC0-301F-11D3-BF4B-00C04F79EFBC}") = "Mc2.CrudTest.Api", "Mc2.CrudTest.Api\Mc2.CrudTest.Api.csproj", "{A8FA4A29-4192-4298-B034-7CDDC94DC27B}"
EndProject
Project("{FAE04EC0-301F-11D3-BF4B-00C04F79EFBC}") = "BlazorApp", "BlazorApp\BlazorApp.csproj", "{00A50655-9CD0-4581-A519-E0378EF87981}"
EndProject
Project("{FAE04EC0-301F-11D3-BF4B-00C04F79EFBC}") = "TestProject-front", "TestProject-front\TestProject-front.csproj", "{FA41FB70-BC62-48B4-A83F-E78F4C05E96F}"
EndProject
Project("{FAE04EC0-301F-11D3-BF4B-00C04F79EFBC}") = "TestProject-Backend", "TestProject-Backend\TestProject-Backend.csproj", "{35A1E513-F3DC-47CD-8D69-3C9C0CD583D6}"
EndProject
Global
	GlobalSection(SolutionConfigurationPlatforms) = preSolution
		Debug|Any CPU = Debug|Any CPU
		Release|Any CPU = Release|Any CPU
	EndGlobalSection
	GlobalSection(ProjectConfigurationPlatforms) = postSolution
		{05362A12-FD63-4021-875D-7DC6EF99097D}.Debug|Any CPU.ActiveCfg = Debug|Any CPU
		{05362A12-FD63-4021-875D-7DC6EF99097D}.Debug|Any CPU.Build.0 = Debug|Any CPU
		{05362A12-FD63-4021-875D-7DC6EF99097D}.Release|Any CPU.ActiveCfg = Release|Any CPU
		{05362A12-FD63-4021-875D-7DC6EF99097D}.Release|Any CPU.Build.0 = Release|Any CPU
		{C4A26E93-F844-4D40-BC6D-96EEAC9BA1AD}.Debug|Any CPU.ActiveCfg = Debug|Any CPU
		{C4A26E93-F844-4D40-BC6D-96EEAC9BA1AD}.Debug|Any CPU.Build.0 = Debug|Any CPU
		{C4A26E93-F844-4D40-BC6D-96EEAC9BA1AD}.Release|Any CPU.ActiveCfg = Release|Any CPU
		{C4A26E93-F844-4D40-BC6D-96EEAC9BA1AD}.Release|Any CPU.Build.0 = Release|Any CPU
		{A727BD08-4F19-4205-86C0-8ED8948CCBD0}.Debug|Any CPU.ActiveCfg = Debug|Any CPU
		{A727BD08-4F19-4205-86C0-8ED8948CCBD0}.Debug|Any CPU.Build.0 = Debug|Any CPU
		{A727BD08-4F19-4205-86C0-8ED8948CCBD0}.Release|Any CPU.ActiveCfg = Release|Any CPU
		{A727BD08-4F19-4205-86C0-8ED8948CCBD0}.Release|Any CPU.Build.0 = Release|Any CPU
		{A8FA4A29-4192-4298-B034-7CDDC94DC27B}.Debug|Any CPU.ActiveCfg = Debug|Any CPU
		{A8FA4A29-4192-4298-B034-7CDDC94DC27B}.Debug|Any CPU.Build.0 = Debug|Any CPU
		{A8FA4A29-4192-4298-B034-7CDDC94DC27B}.Release|Any CPU.ActiveCfg = Release|Any CPU
		{A8FA4A29-4192-4298-B034-7CDDC94DC27B}.Release|Any CPU.Build.0 = Release|Any CPU
		{00A50655-9CD0-4581-A519-E0378EF87981}.Debug|Any CPU.ActiveCfg = Debug|Any CPU
		{00A50655-9CD0-4581-A519-E0378EF87981}.Debug|Any CPU.Build.0 = Debug|Any CPU
		{00A50655-9CD0-4581-A519-E0378EF87981}.Release|Any CPU.ActiveCfg = Release|Any CPU
		{00A50655-9CD0-4581-A519-E0378EF87981}.Release|Any CPU.Build.0 = Release|Any CPU
		{FA41FB70-BC62-48B4-A83F-E78F4C05E96F}.Debug|Any CPU.ActiveCfg = Debug|Any CPU
		{FA41FB70-BC62-48B4-A83F-E78F4C05E96F}.Debug|Any CPU.Build.0 = Debug|Any CPU
		{FA41FB70-BC62-48B4-A83F-E78F4C05E96F}.Release|Any CPU.ActiveCfg = Release|Any CPU
		{FA41FB70-BC62-48B4-A83F-E78F4C05E96F}.Release|Any CPU.Build.0 = Release|Any CPU
		{35A1E513-F3DC-47CD-8D69-3C9C0CD583D6}.Debug|Any CPU.ActiveCfg = Debug|Any CPU
		{35A1E513-F3DC-47CD-8D69-3C9C0CD583D6}.Debug|Any CPU.Build.0 = Debug|Any CPU
		{35A1E513-F3DC-47CD-8D69-3C9C0CD583D6}.Release|Any CPU.ActiveCfg = Release|Any CPU
		{35A1E513-F3DC-47CD-8D69-3C9C0CD583D6}.Release|Any CPU.Build.0 = Release|Any CPU
	EndGlobalSection
	GlobalSection(SolutionProperties) = preSolution
		HideSolutionNode = FALSE
	EndGlobalSection
	GlobalSection(ExtensibilityGlobals) = postSolution
		SolutionGuid = {4B5A26C9-68C1-49D9-9F32-AF907A1730C2}
	EndGlobalSection
	GlobalSection(NestedProjects) = preSolution
		{C4A26E93-F844-4D40-BC6D-96EEAC9BA1AD} = {A03E792D-074C-4AF9-ACBE-421663774EAF}
		{05362A12-FD63-4021-875D-7DC6EF99097D} = {A03E792D-074C-4AF9-ACBE-421663774EAF}
		{A727BD08-4F19-4205-86C0-8ED8948CCBD0} = {A03E792D-074C-4AF9-ACBE-421663774EAF}
		{A8FA4A29-4192-4298-B034-7CDDC94DC27B} = {A03E792D-074C-4AF9-ACBE-421663774EAF}
		{00A50655-9CD0-4581-A519-E0378EF87981} = {630E2FF8-7676-4D3B-9001-7A133E02F2F6}
		{FA41FB70-BC62-48B4-A83F-E78F4C05E96F} = {8426FAE8-F46D-4B95-A2A7-E478EECFC9BA}
		{35A1E513-F3DC-47CD-8D69-3C9C0CD583D6} = {8426FAE8-F46D-4B95-A2A7-E478EECFC9BA}
	EndGlobalSection
EndGlobal
